{
  "name": "@maddeveloper/node-websockify",
  "version": "1.0.10",
  "lockfileVersion": 1,
  "requires": true,
  "dependencies": {
    "mime": {
      "version": "2.4.4",
      "resolved": "https://registry.npmjs.org/mime/-/mime-2.4.4.tgz",
      "integrity": "sha512-LRxmNwziLPT828z+4YkNzloCFC2YM4wrB99k+AV5ZbEyfGNWfG8SO1FUXLmLDBSo89NrJZ4DIWeLjy1CHGhMGA=="
    },
    "prettier": {
      "version": "2.4.1",
      "resolved": "https://registry.npmjs.org/prettier/-/prettier-2.4.1.tgz",
      "integrity": "sha512-9fbDAXSBcc6Bs1mZrDYb3XKzDLm4EXXL9sC1LqKP5rZkT6KRr/rf9amVUcODVXgguK/isJz0d0hP72WeaKWsvA==",
      "dev": true
    },
    "ws": {
      "version": "7.2.1",
      "resolved": "https://registry.npmjs.org/ws/-/ws-7.2.1.tgz",
      "integrity": "sha512-sucePNSafamSKoOqoNfBd8V0StlkzJKL2ZAhGQinCfNQ+oacw+Pk7lcdAElecBF2VkLNZRiIb5Oi1Q5lVUVt2A=="
    }
  }
}
